{
  "version": 4,
  "terraform_version": "1.2.5",
  "serial": 44,
  "lineage": "cfc5511b-5e1a-6b57-1d33-8a130f5b3c51",
  "outputs": {
    "endpoint": {
      "value": "https://265619E9293577EBA59E0275C5AEA1B0.yl4.us-west-1.eks.amazonaws.com",
      "type": "string"
    },
    "kubeconfig-certificate-authority-data": {
      "value": "LS0tLS1CRUdJTiBDRVJUSUZJQ0FURS0tLS0tCk1JSUMvakNDQWVhZ0F3SUJBZ0lCQURBTkJna3Foa2lHOXcwQkFRc0ZBREFWTVJNd0VRWURWUVFERXdwcmRXSmwKY201bGRHVnpNQjRYRFRJeU1EY3hOVEl6TkRJMU4xb1hEVE15TURjeE1qSXpOREkxTjFvd0ZURVRNQkVHQTFVRQpBeE1LYTNWaVpYSnVaWFJsY3pDQ0FTSXdEUVlKS29aSWh2Y05BUUVCQlFBRGdnRVBBRENDQVFvQ2dnRUJBSzl1CjBENktVdC9VUW5BWnBIc0lmc2RMUU5lV0VuL1NBWW45TU5HaVAwS3NrNmxhRjNzQkhqeDFFUXJPSGo2dnZzUWMKSFdEaHpQYmdrWng3d08vNDc3WjVIOU9BTHNxNmpCZ1lUVmFoYmhzUFh6Qk5Ia3lDZ0NleWZHaStqV3ltUS9mVwo0REI0dzVlQlBZRkZ2YzdFWXBHbzBGY0FrYjNYUnk3Vm5Da3NibXpITDNOZklYWVRqYk9hTVpVcFpSdlI0MTIzCnBRS1BXbzBGa0RGWENnZEEvRGFjaFMyM2dKTlplbjd5ZnpxZU9wQ1I2YmgwRURRS0xnRjBiUUk1YnZBOHNVcnQKTkkyL29FNEFjU0FDRmhPVW5ZWVhxUW55MytndWd1eVJHak9zem1QMCtiOGVVYUc1b25QaWEyQmVRd2hZc0huUApwY1JvSFZSTG1QTVlJOWN5RElFQ0F3RUFBYU5aTUZjd0RnWURWUjBQQVFIL0JBUURBZ0trTUE4R0ExVWRFd0VCCi93UUZNQU1CQWY4d0hRWURWUjBPQkJZRUZPSktXRHc5aUl1a25KZzg0WWZmdUFUZDRDWXRNQlVHQTFVZEVRUU8KTUF5Q0NtdDFZbVZ5Ym1WMFpYTXdEUVlKS29aSWh2Y05BUUVMQlFBRGdnRUJBSnp5KzgwUzRFSzNhalB4bXc4MwpQZTRkQXRHbGJDbCtHMzNQZlExcEM0YzdXY1Ntd0twYUx0b1ZBcEJadHpBUk83N0JHWHFUWGxjT0pDRUp2clNQCkhnU29VWmcxYzJkZUVHVDFsM05DUlkyOHg3akVpc3pVMnNRd29VaTh4SHB4NlM2NngwM2FvRWk5NERQL0dlZzcKQ2VMZHBlRVIvRE5vcWNBcm1JOFhrZ0JqbE9LOUVnQ3FjVC93bGN4ekVVMEZYWnByNjdBS0VaSDl0VjZtYUlrZgpFcVVRUkZ3V29FY0ZiOHhlZWovREtoTlI2NmVWaW1QYzRnME91RFNGYll6eG9XMDRDTE9ZNi95YS9OdlgrNE0xCkxJTVc2M3Vsb2JCSmJBbGJNclBtOTJ6Q1ZlQ3VtNTlCNjRseW9MakhadUZZelA2UVFiQlhFVStZUzU4RnoyaU4KTnhZPQotLS0tLUVORCBDRVJUSUZJQ0FURS0tLS0tCg==",
      "type": "string"
    }
  },
  "resources": [
    {
      "mode": "managed",
      "type": "aws_eks_cluster",
      "name": "sre_cluster",
      "provider": "provider[\"registry.terraform.io/hashicorp/aws\"]",
      "instances": [
        {
          "schema_version": 0,
          "attributes": {
            "arn": "arn:aws:eks:us-west-1:835529065704:cluster/sre_cluster",
            "certificate_authority": [
              {
                "data": "LS0tLS1CRUdJTiBDRVJUSUZJQ0FURS0tLS0tCk1JSUMvakNDQWVhZ0F3SUJBZ0lCQURBTkJna3Foa2lHOXcwQkFRc0ZBREFWTVJNd0VRWURWUVFERXdwcmRXSmwKY201bGRHVnpNQjRYRFRJeU1EY3hOVEl6TkRJMU4xb1hEVE15TURjeE1qSXpOREkxTjFvd0ZURVRNQkVHQTFVRQpBeE1LYTNWaVpYSnVaWFJsY3pDQ0FTSXdEUVlKS29aSWh2Y05BUUVCQlFBRGdnRVBBRENDQVFvQ2dnRUJBSzl1CjBENktVdC9VUW5BWnBIc0lmc2RMUU5lV0VuL1NBWW45TU5HaVAwS3NrNmxhRjNzQkhqeDFFUXJPSGo2dnZzUWMKSFdEaHpQYmdrWng3d08vNDc3WjVIOU9BTHNxNmpCZ1lUVmFoYmhzUFh6Qk5Ia3lDZ0NleWZHaStqV3ltUS9mVwo0REI0dzVlQlBZRkZ2YzdFWXBHbzBGY0FrYjNYUnk3Vm5Da3NibXpITDNOZklYWVRqYk9hTVpVcFpSdlI0MTIzCnBRS1BXbzBGa0RGWENnZEEvRGFjaFMyM2dKTlplbjd5ZnpxZU9wQ1I2YmgwRURRS0xnRjBiUUk1YnZBOHNVcnQKTkkyL29FNEFjU0FDRmhPVW5ZWVhxUW55MytndWd1eVJHak9zem1QMCtiOGVVYUc1b25QaWEyQmVRd2hZc0huUApwY1JvSFZSTG1QTVlJOWN5RElFQ0F3RUFBYU5aTUZjd0RnWURWUjBQQVFIL0JBUURBZ0trTUE4R0ExVWRFd0VCCi93UUZNQU1CQWY4d0hRWURWUjBPQkJZRUZPSktXRHc5aUl1a25KZzg0WWZmdUFUZDRDWXRNQlVHQTFVZEVRUU8KTUF5Q0NtdDFZbVZ5Ym1WMFpYTXdEUVlKS29aSWh2Y05BUUVMQlFBRGdnRUJBSnp5KzgwUzRFSzNhalB4bXc4MwpQZTRkQXRHbGJDbCtHMzNQZlExcEM0YzdXY1Ntd0twYUx0b1ZBcEJadHpBUk83N0JHWHFUWGxjT0pDRUp2clNQCkhnU29VWmcxYzJkZUVHVDFsM05DUlkyOHg3akVpc3pVMnNRd29VaTh4SHB4NlM2NngwM2FvRWk5NERQL0dlZzcKQ2VMZHBlRVIvRE5vcWNBcm1JOFhrZ0JqbE9LOUVnQ3FjVC93bGN4ekVVMEZYWnByNjdBS0VaSDl0VjZtYUlrZgpFcVVRUkZ3V29FY0ZiOHhlZWovREtoTlI2NmVWaW1QYzRnME91RFNGYll6eG9XMDRDTE9ZNi95YS9OdlgrNE0xCkxJTVc2M3Vsb2JCSmJBbGJNclBtOTJ6Q1ZlQ3VtNTlCNjRseW9MakhadUZZelA2UVFiQlhFVStZUzU4RnoyaU4KTnhZPQotLS0tLUVORCBDRVJUSUZJQ0FURS0tLS0tCg=="
              }
            ],
            "created_at": "2022-07-15 23:37:24.892 +0000 UTC",
            "enabled_cluster_log_types": [],
            "encryption_config": [],
            "endpoint": "https://265619E9293577EBA59E0275C5AEA1B0.yl4.us-west-1.eks.amazonaws.com",
            "id": "sre_cluster",
            "identity": [
              {
                "oidc": [
                  {
                    "issuer": "https://oidc.eks.us-west-1.amazonaws.com/id/265619E9293577EBA59E0275C5AEA1B0"
                  }
                ]
              }
            ],
            "kubernetes_network_config": [
              {
                "ip_family": "ipv4",
                "service_ipv4_cidr": "172.20.0.0/16"
              }
            ],
            "name": "sre_cluster",
            "platform_version": "eks.4",
            "role_arn": "arn:aws:iam::835529065704:role/eks-cluster-sre-role",
            "status": "ACTIVE",
            "tags": {},
            "tags_all": {},
            "timeouts": null,
            "version": "1.22",
            "vpc_config": [
              {
                "cluster_security_group_id": "sg-041ba0b18b053b6c5",
                "endpoint_private_access": false,
                "endpoint_public_access": true,
                "public_access_cidrs": [
                  "0.0.0.0/0"
                ],
                "security_group_ids": [],
                "subnet_ids": [
                  "subnet-01d88c80c0eaf0f09",
                  "subnet-07ca47bb6eb8670f8"
                ],
                "vpc_id": "vpc-0e60edf69896cb8d5"
              }
            ]
          },
          "sensitive_attributes": [],
          "private": "eyJlMmJmYjczMC1lY2FhLTExZTYtOGY4OC0zNDM2M2JjN2M0YzAiOnsiY3JlYXRlIjoxODAwMDAwMDAwMDAwLCJkZWxldGUiOjkwMDAwMDAwMDAwMCwidXBkYXRlIjozNjAwMDAwMDAwMDAwfX0=",
          "dependencies": [
            "aws_iam_role.IAM_role",
            "aws_iam_role_policy_attachment.sre-role-AmazonEKSClusterPolicy",
            "aws_iam_role_policy_attachment.sre-role-AmazonEKSVPCResourceController",
            "aws_subnet.subnet_1",
            "aws_subnet.subnet_2",
            "aws_vpc.vpc_sre"
          ]
        }
      ]
    },
    {
      "mode": "managed",
      "type": "aws_eks_node_group",
      "name": "sre-nodegroup",
      "provider": "provider[\"registry.terraform.io/hashicorp/aws\"]",
      "instances": [
        {
          "schema_version": 0,
          "attributes": {
            "ami_type": "AL2_x86_64",
            "arn": "arn:aws:eks:us-west-1:835529065704:nodegroup/sre_cluster/sre_nodegroup/c6c1024a-4573-fab3-eea9-42c402ce0e96",
            "capacity_type": "ON_DEMAND",
            "cluster_name": "sre_cluster",
            "disk_size": 20,
            "force_update_version": null,
            "id": "sre_cluster:sre_nodegroup",
            "instance_types": [
              "t3.micro"
            ],
            "labels": null,
            "launch_template": [],
            "node_group_name": "sre_nodegroup",
            "node_group_name_prefix": "",
            "node_role_arn": "arn:aws:iam::835529065704:role/eks-cluster-sre-role",
            "release_version": "1.22.9-20220629",
            "remote_access": [],
            "resources": [
              {
                "autoscaling_groups": [
                  {
                    "name": "eks-sre_nodegroup-c6c1024a-4573-fab3-eea9-42c402ce0e96"
                  }
                ],
                "remote_access_security_group_id": ""
              }
            ],
            "scaling_config": [
              {
                "desired_size": 3,
                "max_size": 3,
                "min_size": 3
              }
            ],
            "status": "ACTIVE",
            "subnet_ids": [
              "subnet-01d88c80c0eaf0f09",
              "subnet-07ca47bb6eb8670f8"
            ],
            "tags": null,
            "tags_all": {},
            "taint": [],
            "timeouts": null,
            "update_config": [
              {
                "max_unavailable": 1,
                "max_unavailable_percentage": 0
              }
            ],
            "version": "1.22"
          },
          "sensitive_attributes": [],
          "private": "eyJlMmJmYjczMC1lY2FhLTExZTYtOGY4OC0zNDM2M2JjN2M0YzAiOnsiY3JlYXRlIjozNjAwMDAwMDAwMDAwLCJkZWxldGUiOjM2MDAwMDAwMDAwMDAsInVwZGF0ZSI6MzYwMDAwMDAwMDAwMH19",
          "dependencies": [
            "aws_eks_cluster.sre_cluster",
            "aws_iam_role.IAM_role",
            "aws_iam_role_policy_attachment.sre-role-AmazonEC2ContainerRegistryReadOnly",
            "aws_iam_role_policy_attachment.sre-role-AmazonEKSWorkerNodePolicy",
            "aws_iam_role_policy_attachment.sre-role-AmazonEKS_CNI_Policy",
            "aws_subnet.subnet_1",
            "aws_subnet.subnet_2",
            "aws_vpc.vpc_sre"
          ]
        }
      ]
    },
    {
      "mode": "managed",
      "type": "aws_iam_role",
      "name": "IAM_role",
      "provider": "provider[\"registry.terraform.io/hashicorp/aws\"]",
      "instances": [
        {
          "schema_version": 0,
          "attributes": {
            "arn": "arn:aws:iam::835529065704:role/eks-cluster-sre-role",
            "assume_role_policy": "{\"Version\":\"2012-10-17\",\"Statement\":[{\"Effect\":\"Allow\",\"Principal\":{\"Service\":\"eks.amazonaws.com\"},\"Action\":\"sts:AssumeRole\"},{\"Effect\":\"Allow\",\"Principal\":{\"Service\":\"ec2.amazonaws.com\"},\"Action\":\"sts:AssumeRole\"}]}",
            "create_date": "2022-07-15T23:33:01Z",
            "description": "",
            "force_detach_policies": false,
            "id": "eks-cluster-sre-role",
            "inline_policy": [
              {
                "name": "",
                "policy": ""
              }
            ],
            "managed_policy_arns": [
              "arn:aws:iam::aws:policy/AmazonEC2ContainerRegistryReadOnly",
              "arn:aws:iam::aws:policy/AmazonEKSClusterPolicy",
              "arn:aws:iam::aws:policy/AmazonEKSVPCResourceController",
              "arn:aws:iam::aws:policy/AmazonEKSWorkerNodePolicy",
              "arn:aws:iam::aws:policy/AmazonEKS_CNI_Policy"
            ],
            "max_session_duration": 3600,
            "name": "eks-cluster-sre-role",
            "name_prefix": "",
            "path": "/",
            "permissions_boundary": null,
            "tags": {},
            "tags_all": {},
            "unique_id": "AROA4FCLJYTUEGCEOSAOC"
          },
          "sensitive_attributes": [],
          "private": "bnVsbA=="
        }
      ]
    },
    {
      "mode": "managed",
      "type": "aws_iam_role_policy_attachment",
      "name": "sre-role-AmazonEC2ContainerRegistryReadOnly",
      "provider": "provider[\"registry.terraform.io/hashicorp/aws\"]",
      "instances": [
        {
          "schema_version": 0,
          "attributes": {
            "id": "eks-cluster-sre-role-20220716010128854000000001",
            "policy_arn": "arn:aws:iam::aws:policy/AmazonEC2ContainerRegistryReadOnly",
            "role": "eks-cluster-sre-role"
          },
          "sensitive_attributes": [],
          "private": "bnVsbA==",
          "dependencies": [
            "aws_iam_role.IAM_role"
          ]
        }
      ]
    },
    {
      "mode": "managed",
      "type": "aws_iam_role_policy_attachment",
      "name": "sre-role-AmazonEKSClusterPolicy",
      "provider": "provider[\"registry.terraform.io/hashicorp/aws\"]",
      "instances": [
        {
          "schema_version": 0,
          "attributes": {
            "id": "eks-cluster-sre-role-20220715233302291300000001",
            "policy_arn": "arn:aws:iam::aws:policy/AmazonEKSClusterPolicy",
            "role": "eks-cluster-sre-role"
          },
          "sensitive_attributes": [],
          "private": "bnVsbA==",
          "dependencies": [
            "aws_iam_role.IAM_role"
          ]
        }
      ]
    },
    {
      "mode": "managed",
      "type": "aws_iam_role_policy_attachment",
      "name": "sre-role-AmazonEKSVPCResourceController",
      "provider": "provider[\"registry.terraform.io/hashicorp/aws\"]",
      "instances": [
        {
          "schema_version": 0,
          "attributes": {
            "id": "eks-cluster-sre-role-20220715233302412800000002",
            "policy_arn": "arn:aws:iam::aws:policy/AmazonEKSVPCResourceController",
            "role": "eks-cluster-sre-role"
          },
          "sensitive_attributes": [],
          "private": "bnVsbA==",
          "dependencies": [
            "aws_iam_role.IAM_role"
          ]
        }
      ]
    },
    {
      "mode": "managed",
      "type": "aws_iam_role_policy_attachment",
      "name": "sre-role-AmazonEKSWorkerNodePolicy",
      "provider": "provider[\"registry.terraform.io/hashicorp/aws\"]",
      "instances": [
        {
          "schema_version": 0,
          "attributes": {
            "id": "eks-cluster-sre-role-20220716010128972500000003",
            "policy_arn": "arn:aws:iam::aws:policy/AmazonEKSWorkerNodePolicy",
            "role": "eks-cluster-sre-role"
          },
          "sensitive_attributes": [],
          "private": "bnVsbA==",
          "dependencies": [
            "aws_iam_role.IAM_role"
          ]
        }
      ]
    },
    {
      "mode": "managed",
      "type": "aws_iam_role_policy_attachment",
      "name": "sre-role-AmazonEKS_CNI_Policy",
      "provider": "provider[\"registry.terraform.io/hashicorp/aws\"]",
      "instances": [
        {
          "schema_version": 0,
          "attributes": {
            "id": "eks-cluster-sre-role-20220716010128864000000002",
            "policy_arn": "arn:aws:iam::aws:policy/AmazonEKS_CNI_Policy",
            "role": "eks-cluster-sre-role"
          },
          "sensitive_attributes": [],
          "private": "bnVsbA==",
          "dependencies": [
            "aws_iam_role.IAM_role"
          ]
        }
      ]
    },
    {
      "mode": "managed",
      "type": "aws_internet_gateway",
      "name": "vpc_sre_igw",
      "provider": "provider[\"registry.terraform.io/hashicorp/aws\"]",
      "instances": [
        {
          "schema_version": 0,
          "attributes": {
            "arn": "arn:aws:ec2:us-west-1:835529065704:internet-gateway/igw-00e385996409af7f9",
            "id": "igw-00e385996409af7f9",
            "owner_id": "835529065704",
            "tags": {
              "Name": "internet-gate"
            },
            "tags_all": {
              "Name": "internet-gate"
            },
            "vpc_id": "vpc-0e60edf69896cb8d5"
          },
          "sensitive_attributes": [],
          "private": "bnVsbA==",
          "dependencies": [
            "aws_vpc.vpc_sre"
          ]
        }
      ]
    },
    {
      "mode": "managed",
      "type": "aws_route_table",
      "name": "vpc_sre_public_tbl",
      "provider": "provider[\"registry.terraform.io/hashicorp/aws\"]",
      "instances": [
        {
          "schema_version": 0,
          "attributes": {
            "arn": "arn:aws:ec2:us-west-1:835529065704:route-table/rtb-0fe055fd3aabbcc31",
            "id": "rtb-0fe055fd3aabbcc31",
            "owner_id": "835529065704",
            "propagating_vgws": [],
            "route": [
              {
                "carrier_gateway_id": "",
                "cidr_block": "0.0.0.0/0",
                "core_network_arn": "",
                "destination_prefix_list_id": "",
                "egress_only_gateway_id": "",
                "gateway_id": "igw-00e385996409af7f9",
                "instance_id": "",
                "ipv6_cidr_block": "",
                "local_gateway_id": "",
                "nat_gateway_id": "",
                "network_interface_id": "",
                "transit_gateway_id": "",
                "vpc_endpoint_id": "",
                "vpc_peering_connection_id": ""
              }
            ],
            "tags": {
              "Name": "Public Subnet Route Table."
            },
            "tags_all": {
              "Name": "Public Subnet Route Table."
            },
            "timeouts": null,
            "vpc_id": "vpc-0e60edf69896cb8d5"
          },
          "sensitive_attributes": [],
          "private": "eyJlMmJmYjczMC1lY2FhLTExZTYtOGY4OC0zNDM2M2JjN2M0YzAiOnsiY3JlYXRlIjozMDAwMDAwMDAwMDAsImRlbGV0ZSI6MzAwMDAwMDAwMDAwLCJ1cGRhdGUiOjEyMDAwMDAwMDAwMH19",
          "dependencies": [
            "aws_internet_gateway.vpc_sre_igw",
            "aws_vpc.vpc_sre"
          ]
        }
      ]
    },
    {
      "mode": "managed",
      "type": "aws_route_table_association",
      "name": "vpc_sre_rt_tbl_assoc_1",
      "provider": "provider[\"registry.terraform.io/hashicorp/aws\"]",
      "instances": [
        {
          "schema_version": 0,
          "attributes": {
            "gateway_id": "",
            "id": "rtbassoc-0ea6aafb62e266aaa",
            "route_table_id": "rtb-0fe055fd3aabbcc31",
            "subnet_id": "subnet-01d88c80c0eaf0f09"
          },
          "sensitive_attributes": [],
          "private": "bnVsbA==",
          "dependencies": [
            "aws_internet_gateway.vpc_sre_igw",
            "aws_route_table.vpc_sre_public_tbl",
            "aws_subnet.subnet_1",
            "aws_vpc.vpc_sre"
          ]
        }
      ]
    },
    {
      "mode": "managed",
      "type": "aws_route_table_association",
      "name": "vpc_sre_rt_tbl_assoc_2",
      "provider": "provider[\"registry.terraform.io/hashicorp/aws\"]",
      "instances": [
        {
          "schema_version": 0,
          "attributes": {
            "gateway_id": "",
            "id": "rtbassoc-075942e29ee3ca53d",
            "route_table_id": "rtb-0fe055fd3aabbcc31",
            "subnet_id": "subnet-07ca47bb6eb8670f8"
          },
          "sensitive_attributes": [],
          "private": "bnVsbA==",
          "dependencies": [
            "aws_internet_gateway.vpc_sre_igw",
            "aws_route_table.vpc_sre_public_tbl",
            "aws_subnet.subnet_2",
            "aws_vpc.vpc_sre"
          ]
        }
      ]
    },
    {
      "mode": "managed",
      "type": "aws_security_group",
      "name": "allow_http",
      "provider": "provider[\"registry.terraform.io/hashicorp/aws\"]",
      "instances": [
        {
          "schema_version": 1,
          "attributes": {
            "arn": "arn:aws:ec2:us-west-1:835529065704:security-group/sg-03f036dcf80c2ea7e",
            "description": "Allow HTTP inbound connections",
            "egress": [
              {
                "cidr_blocks": [
                  "0.0.0.0/0"
                ],
                "description": "",
                "from_port": 0,
                "ipv6_cidr_blocks": [],
                "prefix_list_ids": [],
                "protocol": "-1",
                "security_groups": [],
                "self": false,
                "to_port": 0
              }
            ],
            "id": "sg-03f036dcf80c2ea7e",
            "ingress": [
              {
                "cidr_blocks": [
                  "0.0.0.0/0"
                ],
                "description": "",
                "from_port": 80,
                "ipv6_cidr_blocks": [],
                "prefix_list_ids": [],
                "protocol": "tcp",
                "security_groups": [],
                "self": false,
                "to_port": 80
              }
            ],
            "name": "allow_http_sg",
            "name_prefix": "",
            "owner_id": "835529065704",
            "revoke_rules_on_delete": false,
            "tags": {
              "Name": "allow_Http_sg"
            },
            "tags_all": {
              "Name": "allow_Http_sg"
            },
            "timeouts": null,
            "vpc_id": "vpc-0e60edf69896cb8d5"
          },
          "sensitive_attributes": [],
          "private": "eyJlMmJmYjczMC1lY2FhLTExZTYtOGY4OC0zNDM2M2JjN2M0YzAiOnsiY3JlYXRlIjo2MDAwMDAwMDAwMDAsImRlbGV0ZSI6OTAwMDAwMDAwMDAwfSwic2NoZW1hX3ZlcnNpb24iOiIxIn0=",
          "dependencies": [
            "aws_vpc.vpc_sre"
          ]
        }
      ]
    },
    {
      "mode": "managed",
      "type": "aws_security_group",
      "name": "allow_ssh",
      "provider": "provider[\"registry.terraform.io/hashicorp/aws\"]",
      "instances": [
        {
          "schema_version": 1,
          "attributes": {
            "arn": "arn:aws:ec2:us-west-1:835529065704:security-group/sg-006fd554ec013c8b9",
            "description": "Allow SSH inbound connections",
            "egress": [
              {
                "cidr_blocks": [
                  "0.0.0.0/0"
                ],
                "description": "",
                "from_port": 0,
                "ipv6_cidr_blocks": [],
                "prefix_list_ids": [],
                "protocol": "-1",
                "security_groups": [],
                "self": false,
                "to_port": 0
              }
            ],
            "id": "sg-006fd554ec013c8b9",
            "ingress": [
              {
                "cidr_blocks": [
                  "0.0.0.0/0"
                ],
                "description": "",
                "from_port": 22,
                "ipv6_cidr_blocks": [],
                "prefix_list_ids": [],
                "protocol": "tcp",
                "security_groups": [],
                "self": false,
                "to_port": 22
              }
            ],
            "name": "allow_ssh_sg",
            "name_prefix": "",
            "owner_id": "835529065704",
            "revoke_rules_on_delete": false,
            "tags": {
              "Name": "allow_ssh_sg"
            },
            "tags_all": {
              "Name": "allow_ssh_sg"
            },
            "timeouts": null,
            "vpc_id": "vpc-0e60edf69896cb8d5"
          },
          "sensitive_attributes": [],
          "private": "eyJlMmJmYjczMC1lY2FhLTExZTYtOGY4OC0zNDM2M2JjN2M0YzAiOnsiY3JlYXRlIjo2MDAwMDAwMDAwMDAsImRlbGV0ZSI6OTAwMDAwMDAwMDAwfSwic2NoZW1hX3ZlcnNpb24iOiIxIn0=",
          "dependencies": [
            "aws_vpc.vpc_sre"
          ]
        }
      ]
    },
    {
      "mode": "managed",
      "type": "aws_subnet",
      "name": "subnet_1",
      "provider": "provider[\"registry.terraform.io/hashicorp/aws\"]",
      "instances": [
        {
          "schema_version": 1,
          "attributes": {
            "arn": "arn:aws:ec2:us-west-1:835529065704:subnet/subnet-01d88c80c0eaf0f09",
            "assign_ipv6_address_on_creation": false,
            "availability_zone": "us-west-1a",
            "availability_zone_id": "usw1-az1",
            "cidr_block": "10.0.0.0/24",
            "customer_owned_ipv4_pool": "",
            "enable_dns64": false,
            "enable_resource_name_dns_a_record_on_launch": false,
            "enable_resource_name_dns_aaaa_record_on_launch": false,
            "id": "subnet-01d88c80c0eaf0f09",
            "ipv6_cidr_block": "",
            "ipv6_cidr_block_association_id": "",
            "ipv6_native": false,
            "map_customer_owned_ip_on_launch": false,
            "map_public_ip_on_launch": true,
            "outpost_arn": "",
            "owner_id": "835529065704",
            "private_dns_hostname_type_on_launch": "ip-name",
            "tags": {
              "Name": "subnet_1",
              "key": "Public Subnet"
            },
            "tags_all": {
              "Name": "subnet_1",
              "key": "Public Subnet"
            },
            "timeouts": null,
            "vpc_id": "vpc-0e60edf69896cb8d5"
          },
          "sensitive_attributes": [],
          "private": "eyJlMmJmYjczMC1lY2FhLTExZTYtOGY4OC0zNDM2M2JjN2M0YzAiOnsiY3JlYXRlIjo2MDAwMDAwMDAwMDAsImRlbGV0ZSI6MTIwMDAwMDAwMDAwMH0sInNjaGVtYV92ZXJzaW9uIjoiMSJ9",
          "dependencies": [
            "aws_vpc.vpc_sre"
          ]
        }
      ]
    },
    {
      "mode": "managed",
      "type": "aws_subnet",
      "name": "subnet_2",
      "provider": "provider[\"registry.terraform.io/hashicorp/aws\"]",
      "instances": [
        {
          "schema_version": 1,
          "attributes": {
            "arn": "arn:aws:ec2:us-west-1:835529065704:subnet/subnet-07ca47bb6eb8670f8",
            "assign_ipv6_address_on_creation": false,
            "availability_zone": "us-west-1c",
            "availability_zone_id": "usw1-az3",
            "cidr_block": "10.0.1.0/24",
            "customer_owned_ipv4_pool": "",
            "enable_dns64": false,
            "enable_resource_name_dns_a_record_on_launch": false,
            "enable_resource_name_dns_aaaa_record_on_launch": false,
            "id": "subnet-07ca47bb6eb8670f8",
            "ipv6_cidr_block": "",
            "ipv6_cidr_block_association_id": "",
            "ipv6_native": false,
            "map_customer_owned_ip_on_launch": false,
            "map_public_ip_on_launch": true,
            "outpost_arn": "",
            "owner_id": "835529065704",
            "private_dns_hostname_type_on_launch": "ip-name",
            "tags": {
              "Name": "subnet_2",
              "key": "Public Subnet"
            },
            "tags_all": {
              "Name": "subnet_2",
              "key": "Public Subnet"
            },
            "timeouts": null,
            "vpc_id": "vpc-0e60edf69896cb8d5"
          },
          "sensitive_attributes": [],
          "private": "eyJlMmJmYjczMC1lY2FhLTExZTYtOGY4OC0zNDM2M2JjN2M0YzAiOnsiY3JlYXRlIjo2MDAwMDAwMDAwMDAsImRlbGV0ZSI6MTIwMDAwMDAwMDAwMH0sInNjaGVtYV92ZXJzaW9uIjoiMSJ9",
          "dependencies": [
            "aws_vpc.vpc_sre"
          ]
        }
      ]
    },
    {
      "mode": "managed",
      "type": "aws_vpc",
      "name": "vpc_sre",
      "provider": "provider[\"registry.terraform.io/hashicorp/aws\"]",
      "instances": [
        {
          "schema_version": 1,
          "attributes": {
            "arn": "arn:aws:ec2:us-west-1:835529065704:vpc/vpc-0e60edf69896cb8d5",
            "assign_generated_ipv6_cidr_block": false,
            "cidr_block": "10.0.0.0/16",
            "default_network_acl_id": "acl-04ec19b492fbae995",
            "default_route_table_id": "rtb-0458f41cf127c9a3a",
            "default_security_group_id": "sg-0ef00c96053cfa078",
            "dhcp_options_id": "dopt-04a3fa2a0f98ff344",
            "enable_classiclink": false,
            "enable_classiclink_dns_support": false,
            "enable_dns_hostnames": true,
            "enable_dns_support": true,
            "id": "vpc-0e60edf69896cb8d5",
            "instance_tenancy": "default",
            "ipv4_ipam_pool_id": null,
            "ipv4_netmask_length": null,
            "ipv6_association_id": "",
            "ipv6_cidr_block": "",
            "ipv6_cidr_block_network_border_group": "",
            "ipv6_ipam_pool_id": "",
            "ipv6_netmask_length": 0,
            "main_route_table_id": "rtb-0458f41cf127c9a3a",
            "owner_id": "835529065704",
            "tags": {
              "Name": "vpc_sre"
            },
            "tags_all": {
              "Name": "vpc_sre"
            }
          },
          "sensitive_attributes": [],
          "private": "eyJzY2hlbWFfdmVyc2lvbiI6IjEifQ=="
        }
      ]
    }
  ]
}
